// !$*UTF8*$!
{
	archiveVersion = 1;
	classes = {
	};
	objectVersion = 56;
	objects = {

/* Begin PBXBuildFile section */
		BAA952FB28FA8D3200E64D33 /* AppDelegate.swift in Sources */ = {isa = PBXBuildFile; fileRef = BAA952FA28FA8D3200E64D33 /* AppDelegate.swift */; };
		BAA952FD28FA8D3200E64D33 /* SceneDelegate.swift in Sources */ = {isa = PBXBuildFile; fileRef = BAA952FC28FA8D3200E64D33 /* SceneDelegate.swift */; };
		BAA952FF28FA8D3200E64D33 /* ViewController.swift in Sources */ = {isa = PBXBuildFile; fileRef = BAA952FE28FA8D3200E64D33 /* ViewController.swift */; };
		BAA9530228FA8D3200E64D33 /* Main.storyboard in Resources */ = {isa = PBXBuildFile; fileRef = BAA9530028FA8D3200E64D33 /* Main.storyboard */; };
		BAA9530428FA8D3300E64D33 /* Assets.xcassets in Resources */ = {isa = PBXBuildFile; fileRef = BAA9530328FA8D3300E64D33 /* Assets.xcassets */; };
		BAA9530728FA8D3300E64D33 /* LaunchScreen.storyboard in Resources */ = {isa = PBXBuildFile; fileRef = BAA9530528FA8D3300E64D33 /* LaunchScreen.storyboard */; };
		BAA9530F28FA8D7700E64D33 /* MyView.swift in Sources */ = {isa = PBXBuildFile; fileRef = BAA9530E28FA8D7700E64D33 /* MyView.swift */; };
		BAA9531128FA8DAD00E64D33 /* MyView.xib in Resources */ = {isa = PBXBuildFile; fileRef = BAA9531028FA8DAD00E64D33 /* MyView.xib */; };
/* End PBXBuildFile section */

/* Begin PBXFileReference section */
		BAA952F728FA8D3200E64D33 /* A902HelloXib.app */ = {isa = PBXFileReference; explicitFileType = wrapper.application; includeInIndex = 0; path = A902HelloXib.app; sourceTree = BUILT_PRODUCTS_DIR; };
		BAA952FA28FA8D3200E64D33 /* AppDelegate.swift */ = {isa = PBXFileReference; lastKnownFileType = sourcecode.swift; path = AppDelegate.swift; sourceTree = "<group>"; };
		BAA952FC28FA8D3200E64D33 /* SceneDelegate.swift */ = {isa = PBXFileReference; lastKnownFileType = sourcecode.swift; path = SceneDelegate.swift; sourceTree = "<group>"; };
		BAA952FE28FA8D3200E64D33 /* ViewController.swift */ = {isa = PBXFileReference; lastKnownFileType = sourcecode.swift; path = ViewController.swift; sourceTree = "<group>"; };
		BAA9530128FA8D3200E64D33 /* Base */ = {isa = PBXFileReference; lastKnownFileType = file.storyboard; name = Base; path = Base.lproj/Main.storyboard; sourceTree = "<group>"; };
		BAA9530328FA8D3300E64D33 /* Assets.xcassets */ = {isa = PBXFileReference; lastKnownFileType = folder.assetcatalog; path = Assets.xcassets; sourceTree = "<group>"; };
		BAA9530628FA8D3300E64D33 /* Base */ = {isa = PBXFileReference; lastKnownFileType = file.storyboard; name = Base; path = Base.lproj/LaunchScreen.storyboard; sourceTree = "<group>"; };
		BAA9530828FA8D3300E64D33 /* Info.plist */ = {isa = PBXFileReference; lastKnownFileType = text.plist.xml; path = Info.plist; sourceTree = "<group>"; };
		BAA9530E28FA8D7700E64D33 /* MyView.swift */ = {isa = PBXFileReference; lastKnownFileType = sourcecode.swift; path = MyView.swift; sourceTree = "<group>"; };
		BAA9531028FA8DAD00E64D33 /* MyView.xib */ = {isa = PBXFileReference; lastKnownFileType = file.xib; path = MyView.xib; sourceTree = "<group>"; };
/* End PBXFileReference section */

/* Begin PBXFrameworksBuildPhase section */
		BAA952F428FA8D3200E64D33 /* Frameworks */ = {
			isa = PBXFrameworksBuildPhase;
			buildActionMask = 2147483647;
			files = (
			);
			runOnlyForDeploymentPostprocessing = 0;
		};
/* End PBXFrameworksBuildPhase section */

/* Begin PBXGroup section */
		BAA952EE28FA8D3200E64D33 = {
			isa = PBXGroup;
			children = (
				BAA952F928FA8D3200E64D33 /* A902HelloXib */,
				BAA952F828FA8D3200E64D33 /* Products */,
			);
			sourceTree = "<group>";
		};
		BAA952F828FA8D3200E64D33 /* Products */ = {
			isa = PBXGroup;
			children = (
				BAA952F728FA8D3200E64D33 /* A902HelloXib.app */,
			);
			name = Products;
			sourceTree = "<group>";
		};
		BAA952F928FA8D3200E64D33 /* A902HelloXib */ = {
			isa = PBXGroup;
			children = (
				BAA952FA28FA8D3200E64D33 /* AppDelegate.swift */,
				BAA952FC28FA8D3200E64D33 /* SceneDelegate.swift */,
				BAA952FE28FA8D3200E64D33 /* ViewController.swift */,
				BAA9530028FA8D3200E64D33 /* Main.storyboard */,
				BAA9530328FA8D3300E64D33 /* Assets.xcassets */,
				BAA9530528FA8D3300E64D33 /* LaunchScreen.storyboard */,
				BAA9530828FA8D3300E64D33 /* Info.plist */,
				BAA9530E28FA8D7700E64D33 /* MyView.swift */,
				BAA9531028FA8DAD00E64D33 /* MyView.xib */,
			);
			path = A902HelloXib;
			sourceTree = "<group>";
		};
/* End PBXGroup section */

/* Begin PBXNativeTarget section */
		BAA952F628FA8D3200E64D33 /* A902HelloXib */ = {
			isa = PBXNativeTarget;
			buildConfigurationList = BAA9530B28FA8D3300E64D33 /* Build configuration list for PBXNativeTarget "A902HelloXib" */;
			buildPhases = (
				BAA952F328FA8D3200E64D33 /* Sources */,
				BAA952F428FA8D3200E64D33 /* Frameworks */,
				BAA952F528FA8D3200E64D33 /* Resources */,
			);
			buildRules = (
			);
			dependencies = (
			);
			name = A902HelloXib;
			productName = A902HelloXib;
			productReference = BAA952F728FA8D3200E64D33 /* A902HelloXib.app */;
			productType = "com.apple.product-type.application";
		};
/* End PBXNativeTarget section */

/* Begin PBXProject section */
		BAA952EF28FA8D3200E64D33 /* Project object */ = {
			isa = PBXProject;
			attributes = {
				BuildIndependentTargetsInParallel = 1;
				LastSwiftUpdateCheck = 1400;
				LastUpgradeCheck = 1400;
				TargetAttributes = {
					BAA952F628FA8D3200E64D33 = {
						CreatedOnToolsVersion = 14.0.1;
					};
				};
			};
			buildConfigurationList = BAA952F228FA8D3200E64D33 /* Build configuration list for PBXProject "A902HelloXib" */;
			compatibilityVersion = "Xcode 14.0";
			developmentRegion = en;
			hasScannedForEncodings = 0;
			knownRegions = (
				en,
				Base,
			);
			mainGroup = BAA952EE28FA8D3200E64D33;
			productRefGroup = BAA952F828FA8D3200E64D33 /* Products */;
			projectDirPath = "";
			projectRoot = "";
			targets = (
				BAA952F628FA8D3200E64D33 /* A902HelloXib */,
			);
		};
/* End PBXProject section */

/* Begin PBXResourcesBuildPhase section */
		BAA952F528FA8D3200E64D33 /* Resources */ = {
			isa = PBXResourcesBuildPhase;
			buildActionMask = 2147483647;
			files = (
				BAA9531128FA8DAD00E64D33 /* MyView.xib in Resources */,
				BAA9530728FA8D3300E64D33 /* LaunchScreen.storyboard in Resources */,
				BAA9530428FA8D3300E64D33 /* Assets.xcassets in Resources */,
				BAA9530228FA8D3200E64D33 /* Main.storyboard in Resources */,
			);
			runOnlyForDeploymentPostprocessing = 0;
		};
/* End PBXResourcesBuildPhase section */

/* Begin PBXSourcesBuildPhase section */
		BAA952F328FA8D3200E64D33 /* Sources */ = {
			isa = PBXSourcesBuildPhase;
			buildActionMask = 2147483647;
			files = (
				BAA9530F28FA8D7700E64D33 /* MyView.swift in Sources */,
				BAA952FF28FA8D3200E64D33 /* ViewController.swift in Sources */,
				BAA952FB28FA8D3200E64D33 /* AppDelegate.swift in Sources */,
				BAA952FD28FA8D3200E64D33 /* SceneDelegate.swift in Sources */,
			);
			runOnlyForDeploymentPostprocessing = 0;
		};
/* End PBXSourcesBuildPhase section */

/* Begin PBXVariantGroup section */
		BAA9530028FA8D3200E64D33 /* Main.storyboard */ = {
			isa = PBXVariantGroup;
			children = (
				BAA9530128FA8D3200E64D33 /* Base */,
			);
			name = Main.storyboard;
			sourceTree = "<group>";
		};
		BAA9530528FA8D3300E64D33 /* LaunchScreen.storyboard */ = {
			isa = PBXVariantGroup;
			children = (
				BAA9530628FA8D3300E64D33 /* Base */,
			);
			name = LaunchScreen.storyboard;
			sourceTree = "<group>";
		};
/* End PBXVariantGroup section */

/* Begin XCBuildConfiguration section */
		BAA9530928FA8D3300E64D33 /* Debug */ = {
			isa = XCBuildConfiguration;
			buildSettings = {
				ALWAYS_SEARCH_USER_PATHS = NO;
				CLANG_ANALYZER_NONNULL = YES;
				CLANG_ANALYZER_NUMBER_OBJECT_CONVERSION = YES_AGGRESSIVE;
				CLANG_CXX_LANGUAGE_STANDARD = "gnu++20";
				CLANG_ENABLE_MODULES = YES;
				CLANG_ENABLE_OBJC_ARC = YES;
				CLANG_ENABLE_OBJC_WEAK = YES;
				CLANG_WARN_BLOCK_CAPTURE_AUTORELEASING = YES;
				CLANG_WARN_BOOL_CONVERSION = YES;
				CLANG_WARN_COMMA = YES;
				CLANG_WARN_CONSTANT_CONVERSION = YES;
				CLANG_WARN_DEPRECATED_OBJC_IMPLEMENTATIONS = YES;
				CLANG_WARN_DIRECT_OBJC_ISA_USAGE = YES_ERROR;
				CLANG_WARN_DOCUMENTATION_COMMENTS = YES;
				CLANG_WARN_EMPTY_BODY = YES;
				CLANG_WARN_ENUM_CONVERSION = YES;
				CLANG_WARN_INFINITE_RECURSION = YES;
				CLANG_WARN_INT_CONVERSION = YES;
				CLANG_WARN_NON_LITERAL_NULL_CONVERSION = YES;
				CLANG_WARN_OBJC_IMPLICIT_RETAIN_SELF = YES;
				CLANG_WARN_OBJC_LITERAL_CONVERSION = YES;
				CLANG_WARN_OBJC_ROOT_CLASS = YES_ERROR;
				CLANG_WARN_QUOTED_INCLUDE_IN_FRAMEWORK_HEADER = YES;
				CLANG_WARN_RANGE_LOOP_ANALYSIS = YES;
				CLANG_WARN_STRICT_PROTOTYPES = YES;
				CLANG_WARN_SUSPICIOUS_MOVE = YES;
				CLANG_WARN_UNGUARDED_AVAILABILITY = YES_AGGRESSIVE;
				CLANG_WARN_UNREACHABLE_CODE = YES;
				CLANG_WARN__DUPLICATE_METHOD_MATCH = YES;
				COPY_PHASE_STRIP = NO;
				DEBUG_INFORMATION_FORMAT = dwarf;
				ENABLE_STRICT_OBJC_MSGSEND = YES;
				ENABLE_TESTABILITY = YES;
				GCC_C_LANGUAGE_STANDARD = gnu11;
				GCC_DYNAMIC_NO_PIC = NO;
				GCC_NO_COMMON_BLOCKS = YES;
				GCC_OPTIMIZATION_LEVEL = 0;
				GCC_PREPROCESSOR_DEFINITIONS = (
					"DEBUG=1",
					"$(inherited)",
				);
				GCC_WARN_64_TO_32_BIT_CONVERSION = YES;
				GCC_WARN_ABOUT_RETURN_TYPE = YES_ERROR;
				GCC_WARN_UNDECLARED_SELECTOR = YES;
				GCC_WARN_UNINITIALIZED_AUTOS = YES_AGGRESSIVE;
				GCC_WARN_UNUSED_FUNCTION = YES;
				GCC_WARN_UNUSED_VARIABLE = YES;
				IPHONEOS_DEPLOYMENT_TARGET = 16.0;
				MTL_ENABLE_DEBUG_INFO = INCLUDE_SOURCE;
				MTL_FAST_MATH = YES;
				ONLY_ACTIVE_ARCH = YES;
				SDKROOT = iphoneos;
				SWIFT_ACTIVE_COMPILATION_CONDITIONS = DEBUG;
				SWIFT_OPTIMIZATION_LEVEL = "-Onone";
			};
			name = Debug;
		};
		BAA9530A28FA8D3300E64D33 /* Release */ = {
			isa = XCBuildConfiguration;
			buildSettings = {
				ALWAYS_SEARCH_USER_PATHS = NO;
				CLANG_ANALYZER_NONNULL = YES;
				CLANG_ANALYZER_NUMBER_OBJECT_CONVERSION = YES_AGGRESSIVE;
				CLANG_CXX_LANGUAGE_STANDARD = "gnu++20";
				CLANG_ENABLE_MODULES = YES;
				CLANG_ENABLE_OBJC_ARC = YES;
				CLANG_ENABLE_OBJC_WEAK = YES;
				CLANG_WARN_BLOCK_CAPTURE_AUTORELEASING = YES;
				CLANG_WARN_BOOL_CONVERSION = YES;
				CLANG_WARN_COMMA = YES;
				CLANG_WARN_CONSTANT_CONVERSION = YES;
				CLANG_WARN_DEPRECATED_OBJC_IMPLEMENTATIONS = YES;
				CLANG_WARN_DIRECT_OBJC_ISA_USAGE = YES_ERROR;
				CLANG_WARN_DOCUMENTATION_COMMENTS = YES;
				CLANG_WARN_EMPTY_BODY = YES;
				CLANG_WARN_ENUM_CONVERSION = YES;
				CLANG_WARN_INFINITE_RECURSION = YES;
				CLANG_WARN_INT_CONVERSION = YES;
				CLANG_WARN_NON_LITERAL_NULL_CONVERSION = YES;
				CLANG_WARN_OBJC_IMPLICIT_RETAIN_SELF = YES;
				CLANG_WARN_OBJC_LITERAL_CONVERSION = YES;
				CLANG_WARN_OBJC_ROOT_CLASS = YES_ERROR;
				CLANG_WARN_QUOTED_INCLUDE_IN_FRAMEWORK_HEADER = YES;
				CLANG_WARN_RANGE_LOOP_ANALYSIS = YES;
				CLANG_WARN_STRICT_PROTOTYPES = YES;
				CLANG_WARN_SUSPICIOUS_MOVE = YES;
				CLANG_WARN_UNGUARDED_AVAILABILITY = YES_AGGRESSIVE;
				CLANG_WARN_UNREACHABLE_CODE = YES;
				CLANG_WARN__DUPLICATE_METHOD_MATCH = YES;
				COPY_PHASE_STRIP = NO;
				DEBUG_INFORMATION_FORMAT = "dwarf-with-dsym";
				ENABLE_NS_ASSERTIONS = NO;
				ENABLE_STRICT_OBJC_MSGSEND = YES;
				GCC_C_LANGUAGE_STANDARD = gnu11;
				GCC_NO_COMMON_BLOCKS = YES;
				GCC_WARN_64_TO_32_BIT_CONVERSION = YES;
				GCC_WARN_ABOUT_RETURN_TYPE = YES_ERROR;
				GCC_WARN_UNDECLARED_SELECTOR = YES;
				GCC_WARN_UNINITIALIZED_AUTOS = YES_AGGRESSIVE;
				GCC_WARN_UNUSED_FUNCTION = YES;
				GCC_WARN_UNUSED_VARIABLE = YES;
				IPHONEOS_DEPLOYMENT_TARGET = 16.0;
				MTL_ENABLE_DEBUG_INFO = NO;
				MTL_FAST_MATH = YES;
				SDKROOT = iphoneos;
				SWIFT_COMPILATION_MODE = wholemodule;
				SWIFT_OPTIMIZATION_LEVEL = "-O";
				VALIDATE_PRODUCT = YES;
			};
			name = Release;
		};
		BAA9530C28FA8D3300E64D33 /* Debug */ = {
			isa = XCBuildConfiguration;
			buildSettings = {
				ASSETCATALOG_COMPILER_APPICON_NAME = AppIcon;
				ASSETCATALOG_COMPILER_GLOBAL_ACCENT_COLOR_NAME = AccentColor;
				CODE_SIGN_STYLE = Automatic;
				CURRENT_PROJECT_VERSION = 1;
				DEVELOPMENT_TEAM = XSVW22JPST;
				GENERATE_INFOPLIST_FILE = YES;
				INFOPLIST_FILE = A902HelloXib/Info.plist;
				INFOPLIST_KEY_UIApplicationSupportsIndirectInputEvents = YES;
				INFOPLIST_KEY_UILaunchStoryboardName = LaunchScreen;
				INFOPLIST_KEY_UIMainStoryboardFile = Main;
				INFOPLIST_KEY_UISupportedInterfaceOrientations_iPad = "UIInterfaceOrientationPortrait UIInterfaceOrientationPortraitUpsideDown UIInterfaceOrientationLandscapeLeft UIInterfaceOrientationLandscapeRight";
				INFOPLIST_KEY_UISupportedInterfaceOrientations_iPhone = "UIInterfaceOrientationPortrait UIInterfaceOrientationLandscapeLeft UIInterfaceOrientationLandscapeRight";
				LD_RUNPATH_SEARCH_PATHS = (
					"$(inherited)",
					"@executable_path/Frameworks",
				);
				MARKETING_VERSION = 1.0;
				PRODUCT_BUNDLE_IDENTIFIER = sjw.idv.A902HelloXib;
				PRODUCT_NAME = "$(TARGET_NAME)";
				SWIFT_EMIT_LOC_STRINGS = YES;
				SWIFT_VERSION = 5.0;
				TARGETED_DEVICE_FAMILY = "1,2";
			};
			name = Debug;
		};
		BAA9530D28FA8D3300E64D33 /* Release */ = {
			isa = XCBuildConfiguration;
			buildSettings = {
				ASSETCATALOG_COMPILER_APPICON_NAME = AppIcon;
				ASSETCATALOG_COMPILER_GLOBAL_ACCENT_COLOR_NAME = AccentColor;
				CODE_SIGN_STYLE = Automatic;
				CURRENT_PROJECT_VERSION = 1;
				DEVELOPMENT_TEAM = XSVW22JPST;
				GENERATE_INFOPLIST_FILE = YES;
				INFOPLIST_FILE = A902HelloXib/Info.plist;
				INFOPLIST_KEY_UIApplicationSupportsIndirectInputEvents = YES;
				INFOPLIST_KEY_UILaunchStoryboardName = LaunchScreen;
				INFOPLIST_KEY_UIMainStoryboardFile = Main;
				INFOPLIST_KEY_UISupportedInterfaceOrientations_iPad = "UIInterfaceOrientationPortrait UIInterfaceOrientationPortraitUpsideDown UIInterfaceOrientationLandscapeLeft UIInterfaceOrientationLandscapeRight";
				INFOPLIST_KEY_UISupportedInterfaceOrientations_iPhone = "UIInterfaceOrientationPortrait UIInterfaceOrientationLandscapeLeft UIInterfaceOrientationLandscapeRight";
				LD_RUNPATH_SEARCH_PATHS = (
					"$(inherited)",
					"@executable_path/Frameworks",
				);
				MARKETING_VERSION = 1.0;
				PRODUCT_BUNDLE_IDENTIFIER = sjw.idv.A902HelloXib;
				PRODUCT_NAME = "$(TARGET_NAME)";
				SWIFT_EMIT_LOC_STRINGS = YES;
				SWIFT_VERSION = 5.0;
				TARGETED_DEVICE_FAMILY = "1,2";
			};
			name = Release;
		};
/* End XCBuildConfiguration section */

/* Begin XCConfigurationList section */
		BAA952F228FA8D3200E64D33 /* Build configuration list for PBXProject "A902HelloXib" */ = {
			isa = XCConfigurationList;
			buildConfigurations = (
				BAA9530928FA8D3300E64D33 /* Debug */,
				BAA9530A28FA8D3300E64D33 /* Release */,
			);
			defaultConfigurationIsVisible = 0;
			defaultConfigurationName = Release;
		};
		BAA9530B28FA8D3300E64D33 /* Build configuration list for PBXNativeTarget "A902HelloXib" */ = {
			isa = XCConfigurationList;
			buildConfigurations = (
				BAA9530C28FA8D3300E64D33 /* Debug */,
				BAA9530D28FA8D3300E64D33 /* Release */,
			);
			defaultConfigurationIsVisible = 0;
			defaultConfigurationName = Release;
		};
/* End XCConfigurationList section */
	};
	rootObject = BAA952EF28FA8D3200E64D33 /* Project object */;
}
